
Microsoft Visual Studio Solution File, Format Version 12.00
# Visual Studio Version 17
VisualStudioVersion = 17.3.32901.215
MinimumVisualStudioVersion = 10.0.40219.1
Project("{FAE04EC0-301F-11D3-BF4B-00C04F79EFBC}") = "Pharmacy Maneger", "Pharmacy Maneger\Pharmacy Maneger.csproj", "{23C822D9-FC7D-4C85-8007-1FFF32F49D75}"
EndProject
Global
	GlobalSection(SolutionConfigurationPlatforms) = preSolution
		Debug|Any CPU = Debug|Any CPU
		Release|Any CPU = Release|Any CPU
	EndGlobalSection
	GlobalSection(ProjectConfigurationPlatforms) = postSolution
		{23C822D9-FC7D-4C85-8007-1FFF32F49D75}.Debug|Any CPU.ActiveCfg = Debug|Any CPU
		{23C822D9-FC7D-4C85-8007-1FFF32F49D75}.Debug|Any CPU.Build.0 = Debug|Any CPU
		{23C822D9-FC7D-4C85-8007-1FFF32F49D75}.Release|Any CPU.ActiveCfg = Release|Any CPU
		{23C822D9-FC7D-4C85-8007-1FFF32F49D75}.Release|Any CPU.Build.0 = Release|Any CPU
	EndGlobalSection
	GlobalSection(SolutionProperties) = preSolution
		HideSolutionNode = FALSE
	EndGlobalSection
	GlobalSection(ExtensibilityGlobals) = postSolution
		SolutionGuid = {14A5B88D-5BB6-4240-AA7F-ED4E66467348}
	EndGlobalSection
EndGlobal
